
Microsoft Visual Studio Solution File, Format Version 12.00
# Visual Studio Version 16
VisualStudioVersion = 16.0.29911.84
MinimumVisualStudioVersion = 10.0.40219.1
Project("{FAE04EC0-301F-11D3-BF4B-00C04F79EFBC}") = "bubblesort", "bubblesort\bubblesort.csproj", "{5991A09B-C9C3-42D6-88D0-8CBCE32822EA}"
EndProject
Global
	GlobalSection(SolutionConfigurationPlatforms) = preSolution
		Debug|Any CPU = Debug|Any CPU
		Release|Any CPU = Release|Any CPU
	EndGlobalSection
	GlobalSection(ProjectConfigurationPlatforms) = postSolution
		{5991A09B-C9C3-42D6-88D0-8CBCE32822EA}.Debug|Any CPU.ActiveCfg = Debug|Any CPU
		{5991A09B-C9C3-42D6-88D0-8CBCE32822EA}.Debug|Any CPU.Build.0 = Debug|Any CPU
		{5991A09B-C9C3-42D6-88D0-8CBCE32822EA}.Release|Any CPU.ActiveCfg = Release|Any CPU
		{5991A09B-C9C3-42D6-88D0-8CBCE32822EA}.Release|Any CPU.Build.0 = Release|Any CPU
	EndGlobalSection
	GlobalSection(SolutionProperties) = preSolution
		HideSolutionNode = FALSE
	EndGlobalSection
	GlobalSection(ExtensibilityGlobals) = postSolution
		SolutionGuid = {0F520CDA-5C69-4213-BA09-D32D861E5AED}
	EndGlobalSection
EndGlobal
